{
  "name": "rector-schedule-parser",
  "version": "1.0.0",
  "lockfileVersion": 1,
  "requires": true,
  "dependencies": {
    "pdf.js-extract": {
      "version": "0.1.4",
      "resolved": "https://registry.npmjs.org/pdf.js-extract/-/pdf.js-extract-0.1.4.tgz",
      "integrity": "sha512-CT33e07DbEbmitpea2JZBQaYcIsxqYNt9oOW2fth5IYSc5etxd2VfeCXWxIt4xzNSW6XMqGDp1ju5IdMGAj93g=="
    }
  }
}
